
Microsoft Visual Studio Solution File, Format Version 10.00
# Visual Studio 2008
Project("{FAE04EC0-301F-11D3-BF4B-00C04F79EFBC}") = "Nustache.Core", "Nustache.Core\Nustache.Core.csproj", "{3A725CD9-6024-441F-84B5-4226D78352C5}"
EndProject
Project("{FAE04EC0-301F-11D3-BF4B-00C04F79EFBC}") = "Nustache.Tests", "Nustache.Tests\Nustache.Tests.csproj", "{872BE5F3-E52A-45C8-BEEB-1A9540F24153}"
EndProject
Global
	GlobalSection(SolutionConfigurationPlatforms) = preSolution
		Debug|Any CPU = Debug|Any CPU
		Release|Any CPU = Release|Any CPU
	EndGlobalSection
	GlobalSection(ProjectConfigurationPlatforms) = postSolution
		{3A725CD9-6024-441F-84B5-4226D78352C5}.Debug|Any CPU.ActiveCfg = Debug|Any CPU
		{3A725CD9-6024-441F-84B5-4226D78352C5}.Debug|Any CPU.Build.0 = Debug|Any CPU
		{3A725CD9-6024-441F-84B5-4226D78352C5}.Release|Any CPU.ActiveCfg = Release|Any CPU
		{3A725CD9-6024-441F-84B5-4226D78352C5}.Release|Any CPU.Build.0 = Release|Any CPU
		{872BE5F3-E52A-45C8-BEEB-1A9540F24153}.Debug|Any CPU.ActiveCfg = Debug|Any CPU
		{872BE5F3-E52A-45C8-BEEB-1A9540F24153}.Debug|Any CPU.Build.0 = Debug|Any CPU
		{872BE5F3-E52A-45C8-BEEB-1A9540F24153}.Release|Any CPU.ActiveCfg = Release|Any CPU
		{872BE5F3-E52A-45C8-BEEB-1A9540F24153}.Release|Any CPU.Build.0 = Release|Any CPU
	EndGlobalSection
	GlobalSection(SolutionProperties) = preSolution
		HideSolutionNode = FALSE
	EndGlobalSection
EndGlobal
