Microsoft Visual Studio Solution File, Format Version 12.00
# Visual Studio 15
VisualStudioVersion = 15.0.26730.16
MinimumVisualStudioVersion = 15.0.26124.0
Project("{2150E333-8FDC-42A3-9474-1A3956D46DE8}") = "src", "src", "{76C5E5A3-2661-4CA6-A6FE-D19CC021F1B5}"
EndProject
Project("{2150E333-8FDC-42A3-9474-1A3956D46DE8}") = "test", "test", "{BA50F8DA-2151-437E-BFB9-BB5F93438D29}"
EndProject
Project("{9A19103F-16F7-4668-BE54-9A1E7A4F7556}") = "Nustache.Core.Tests", "test\Nustache.Core.Tests\Nustache.Core.Tests.csproj", "{A4B7FF44-D2D4-49C1-AE9E-36E390C6E63F}"
EndProject
Project("{9A19103F-16F7-4668-BE54-9A1E7A4F7556}") = "Nustache.Core", "src\Nustache.Core\Nustache.Core.csproj", "{45530025-DF85-4F1F-80B8-DD770B059D69}"
EndProject
Project("{9A19103F-16F7-4668-BE54-9A1E7A4F7556}") = "Nustache.Compilation", "src\Nustache.Compilation\Nustache.Compilation.csproj", "{C1F51C39-E811-4D32-AE0D-E1C7FB5BC43A}"
EndProject
Project("{9A19103F-16F7-4668-BE54-9A1E7A4F7556}") = "Nustache.Compilation.Tests", "test\Nustache.Compilation.Tests\Nustache.Compilation.Tests.csproj", "{308CD32C-EFEE-421B-ACC2-47E3A0E501CB}"
EndProject
Global
	GlobalSection(SolutionConfigurationPlatforms) = preSolution
		Debug|Any CPU = Debug|Any CPU
		Debug|x64 = Debug|x64
		Debug|x86 = Debug|x86
		Release|Any CPU = Release|Any CPU
		Release|x64 = Release|x64
		Release|x86 = Release|x86
	EndGlobalSection
	GlobalSection(ProjectConfigurationPlatforms) = postSolution
		{A4B7FF44-D2D4-49C1-AE9E-36E390C6E63F}.Debug|Any CPU.ActiveCfg = Debug|Any CPU
		{A4B7FF44-D2D4-49C1-AE9E-36E390C6E63F}.Debug|Any CPU.Build.0 = Debug|Any CPU
		{A4B7FF44-D2D4-49C1-AE9E-36E390C6E63F}.Debug|x64.ActiveCfg = Debug|Any CPU
		{A4B7FF44-D2D4-49C1-AE9E-36E390C6E63F}.Debug|x64.Build.0 = Debug|Any CPU
		{A4B7FF44-D2D4-49C1-AE9E-36E390C6E63F}.Debug|x86.ActiveCfg = Debug|Any CPU
		{A4B7FF44-D2D4-49C1-AE9E-36E390C6E63F}.Debug|x86.Build.0 = Debug|Any CPU
		{A4B7FF44-D2D4-49C1-AE9E-36E390C6E63F}.Release|Any CPU.ActiveCfg = Release|Any CPU
		{A4B7FF44-D2D4-49C1-AE9E-36E390C6E63F}.Release|Any CPU.Build.0 = Release|Any CPU
		{A4B7FF44-D2D4-49C1-AE9E-36E390C6E63F}.Release|x64.ActiveCfg = Release|Any CPU
		{A4B7FF44-D2D4-49C1-AE9E-36E390C6E63F}.Release|x64.Build.0 = Release|Any CPU
		{A4B7FF44-D2D4-49C1-AE9E-36E390C6E63F}.Release|x86.ActiveCfg = Release|Any CPU
		{A4B7FF44-D2D4-49C1-AE9E-36E390C6E63F}.Release|x86.Build.0 = Release|Any CPU
		{45530025-DF85-4F1F-80B8-DD770B059D69}.Debug|Any CPU.ActiveCfg = Debug|Any CPU
		{45530025-DF85-4F1F-80B8-DD770B059D69}.Debug|Any CPU.Build.0 = Debug|Any CPU
		{45530025-DF85-4F1F-80B8-DD770B059D69}.Debug|x64.ActiveCfg = Debug|Any CPU
		{45530025-DF85-4F1F-80B8-DD770B059D69}.Debug|x64.Build.0 = Debug|Any CPU
		{45530025-DF85-4F1F-80B8-DD770B059D69}.Debug|x86.ActiveCfg = Debug|Any CPU
		{45530025-DF85-4F1F-80B8-DD770B059D69}.Debug|x86.Build.0 = Debug|Any CPU
		{45530025-DF85-4F1F-80B8-DD770B059D69}.Release|Any CPU.ActiveCfg = Release|Any CPU
		{45530025-DF85-4F1F-80B8-DD770B059D69}.Release|Any CPU.Build.0 = Release|Any CPU
		{45530025-DF85-4F1F-80B8-DD770B059D69}.Release|x64.ActiveCfg = Release|Any CPU
		{45530025-DF85-4F1F-80B8-DD770B059D69}.Release|x64.Build.0 = Release|Any CPU
		{45530025-DF85-4F1F-80B8-DD770B059D69}.Release|x86.ActiveCfg = Release|Any CPU
		{45530025-DF85-4F1F-80B8-DD770B059D69}.Release|x86.Build.0 = Release|Any CPU
		{C1F51C39-E811-4D32-AE0D-E1C7FB5BC43A}.Debug|Any CPU.ActiveCfg = Debug|Any CPU
		{C1F51C39-E811-4D32-AE0D-E1C7FB5BC43A}.Debug|Any CPU.Build.0 = Debug|Any CPU
		{C1F51C39-E811-4D32-AE0D-E1C7FB5BC43A}.Debug|x64.ActiveCfg = Debug|Any CPU
		{C1F51C39-E811-4D32-AE0D-E1C7FB5BC43A}.Debug|x64.Build.0 = Debug|Any CPU
		{C1F51C39-E811-4D32-AE0D-E1C7FB5BC43A}.Debug|x86.ActiveCfg = Debug|Any CPU
		{C1F51C39-E811-4D32-AE0D-E1C7FB5BC43A}.Debug|x86.Build.0 = Debug|Any CPU
		{C1F51C39-E811-4D32-AE0D-E1C7FB5BC43A}.Release|Any CPU.ActiveCfg = Release|Any CPU
		{C1F51C39-E811-4D32-AE0D-E1C7FB5BC43A}.Release|Any CPU.Build.0 = Release|Any CPU
		{C1F51C39-E811-4D32-AE0D-E1C7FB5BC43A}.Release|x64.ActiveCfg = Release|Any CPU
		{C1F51C39-E811-4D32-AE0D-E1C7FB5BC43A}.Release|x64.Build.0 = Release|Any CPU
		{C1F51C39-E811-4D32-AE0D-E1C7FB5BC43A}.Release|x86.ActiveCfg = Release|Any CPU
		{C1F51C39-E811-4D32-AE0D-E1C7FB5BC43A}.Release|x86.Build.0 = Release|Any CPU
		{308CD32C-EFEE-421B-ACC2-47E3A0E501CB}.Debug|Any CPU.ActiveCfg = Debug|Any CPU
		{308CD32C-EFEE-421B-ACC2-47E3A0E501CB}.Debug|Any CPU.Build.0 = Debug|Any CPU
		{308CD32C-EFEE-421B-ACC2-47E3A0E501CB}.Debug|x64.ActiveCfg = Debug|Any CPU
		{308CD32C-EFEE-421B-ACC2-47E3A0E501CB}.Debug|x64.Build.0 = Debug|Any CPU
		{308CD32C-EFEE-421B-ACC2-47E3A0E501CB}.Debug|x86.ActiveCfg = Debug|Any CPU
		{308CD32C-EFEE-421B-ACC2-47E3A0E501CB}.Debug|x86.Build.0 = Debug|Any CPU
		{308CD32C-EFEE-421B-ACC2-47E3A0E501CB}.Release|Any CPU.ActiveCfg = Release|Any CPU
		{308CD32C-EFEE-421B-ACC2-47E3A0E501CB}.Release|Any CPU.Build.0 = Release|Any CPU
		{308CD32C-EFEE-421B-ACC2-47E3A0E501CB}.Release|x64.ActiveCfg = Release|Any CPU
		{308CD32C-EFEE-421B-ACC2-47E3A0E501CB}.Release|x64.Build.0 = Release|Any CPU
		{308CD32C-EFEE-421B-ACC2-47E3A0E501CB}.Release|x86.ActiveCfg = Release|Any CPU
		{308CD32C-EFEE-421B-ACC2-47E3A0E501CB}.Release|x86.Build.0 = Release|Any CPU
	EndGlobalSection
	GlobalSection(SolutionProperties) = preSolution
		HideSolutionNode = FALSE
	EndGlobalSection
	GlobalSection(NestedProjects) = preSolution
		{A4B7FF44-D2D4-49C1-AE9E-36E390C6E63F} = {BA50F8DA-2151-437E-BFB9-BB5F93438D29}
		{45530025-DF85-4F1F-80B8-DD770B059D69} = {76C5E5A3-2661-4CA6-A6FE-D19CC021F1B5}
		{C1F51C39-E811-4D32-AE0D-E1C7FB5BC43A} = {76C5E5A3-2661-4CA6-A6FE-D19CC021F1B5}
		{308CD32C-EFEE-421B-ACC2-47E3A0E501CB} = {BA50F8DA-2151-437E-BFB9-BB5F93438D29}
	EndGlobalSection
	GlobalSection(ExtensibilityGlobals) = postSolution
		SolutionGuid = {33DFFA70-8EB7-4FF7-946E-CF749CCFF612}
	EndGlobalSection
EndGlobal
